
Microsoft Visual Studio Solution File, Format Version 12.00
# Visual Studio Version 17
VisualStudioVersion = 17.7.34024.191
MinimumVisualStudioVersion = 10.0.40219.1
Project("{FAE04EC0-301F-11D3-BF4B-00C04F79EFBC}") = "december21", "december21\december21.csproj", "{F5976187-D20C-40D6-9774-0266983B03C6}"
EndProject
Global
	GlobalSection(SolutionConfigurationPlatforms) = preSolution
		Debug|Any CPU = Debug|Any CPU
		Release|Any CPU = Release|Any CPU
	EndGlobalSection
	GlobalSection(ProjectConfigurationPlatforms) = postSolution
		{F5976187-D20C-40D6-9774-0266983B03C6}.Debug|Any CPU.ActiveCfg = Debug|Any CPU
		{F5976187-D20C-40D6-9774-0266983B03C6}.Debug|Any CPU.Build.0 = Debug|Any CPU
		{F5976187-D20C-40D6-9774-0266983B03C6}.Release|Any CPU.ActiveCfg = Release|Any CPU
		{F5976187-D20C-40D6-9774-0266983B03C6}.Release|Any CPU.Build.0 = Release|Any CPU
	EndGlobalSection
	GlobalSection(SolutionProperties) = preSolution
		HideSolutionNode = FALSE
	EndGlobalSection
	GlobalSection(ExtensibilityGlobals) = postSolution
		SolutionGuid = {0243227D-C291-48F6-B95D-84968387D98B}
	EndGlobalSection
EndGlobal
